
Microsoft Visual Studio Solution File, Format Version 12.00
# Visual Studio 15
VisualStudioVersion = 15.0.28307.1340
MinimumVisualStudioVersion = 10.0.40219.1
Project("{FAE04EC0-301F-11D3-BF4B-00C04F79EFBC}") = "ProyectoP", "ProyectoP\ProyectoP.csproj", "{6937CE03-4289-4CAC-8080-FEDD0EBF193D}"
EndProject
Global
	GlobalSection(SolutionConfigurationPlatforms) = preSolution
		Debug|Any CPU = Debug|Any CPU
		Release|Any CPU = Release|Any CPU
	EndGlobalSection
	GlobalSection(ProjectConfigurationPlatforms) = postSolution
		{6937CE03-4289-4CAC-8080-FEDD0EBF193D}.Debug|Any CPU.ActiveCfg = Debug|Any CPU
		{6937CE03-4289-4CAC-8080-FEDD0EBF193D}.Debug|Any CPU.Build.0 = Debug|Any CPU
		{6937CE03-4289-4CAC-8080-FEDD0EBF193D}.Release|Any CPU.ActiveCfg = Release|Any CPU
		{6937CE03-4289-4CAC-8080-FEDD0EBF193D}.Release|Any CPU.Build.0 = Release|Any CPU
	EndGlobalSection
	GlobalSection(SolutionProperties) = preSolution
		HideSolutionNode = FALSE
	EndGlobalSection
	GlobalSection(ExtensibilityGlobals) = postSolution
		SolutionGuid = {A2B68024-5055-4DAA-966E-007292AF3B94}
	EndGlobalSection
EndGlobal
